
Microsoft Visual Studio Solution File, Format Version 12.00
# Visual Studio 15
VisualStudioVersion = 15.0.26020.0
MinimumVisualStudioVersion = 10.0.40219.1
Project("{9A19103F-16F7-4668-BE54-9A1E7A4F7556}") = "Dork.Web", "Dork.Web\Dork.Web.csproj", "{9144417C-841F-4296-92B3-D05DFC18D494}"
EndProject
Project("{9A19103F-16F7-4668-BE54-9A1E7A4F7556}") = "Dork.Core.Domain", "Dork.Core.Domain\Dork.Core.Domain.csproj", "{F823D967-FD6D-476D-8251-2F702086C29D}"
EndProject
Project("{9A19103F-16F7-4668-BE54-9A1E7A4F7556}") = "Dork.Core.Service", "Dork.Core.Service\Dork.Core.Service.csproj", "{59A537AE-DEF2-4CB3-9073-C58E575B0688}"
EndProject
Project("{9A19103F-16F7-4668-BE54-9A1E7A4F7556}") = "Dork.Core.Dal", "Dork.Core.Dal\Dork.Core.Dal.csproj", "{050D6ED6-E528-4210-B9F0-013442535E6F}"
EndProject
Project("{9A19103F-16F7-4668-BE54-9A1E7A4F7556}") = "Dork.Dal.Mongo.Impl", "Dork.Dal.Mongo.Impl\Dork.Dal.Mongo.Impl.csproj", "{E5741202-3170-4404-840A-A7D28B536654}"
EndProject
Project("{9A19103F-16F7-4668-BE54-9A1E7A4F7556}") = "Dork.Service.Default.Impl", "Dork.Service.Default.Impl\Dork.Service.Default.Impl.csproj", "{71CB51A3-26F3-4404-8DFC-EF8AB462A871}"
EndProject
Global
	GlobalSection(SolutionConfigurationPlatforms) = preSolution
		Debug|Any CPU = Debug|Any CPU
		Release|Any CPU = Release|Any CPU
	EndGlobalSection
	GlobalSection(ProjectConfigurationPlatforms) = postSolution
		{9144417C-841F-4296-92B3-D05DFC18D494}.Debug|Any CPU.ActiveCfg = Debug|Any CPU
		{9144417C-841F-4296-92B3-D05DFC18D494}.Debug|Any CPU.Build.0 = Debug|Any CPU
		{9144417C-841F-4296-92B3-D05DFC18D494}.Release|Any CPU.ActiveCfg = Release|Any CPU
		{9144417C-841F-4296-92B3-D05DFC18D494}.Release|Any CPU.Build.0 = Release|Any CPU
		{F823D967-FD6D-476D-8251-2F702086C29D}.Debug|Any CPU.ActiveCfg = Debug|Any CPU
		{F823D967-FD6D-476D-8251-2F702086C29D}.Debug|Any CPU.Build.0 = Debug|Any CPU
		{F823D967-FD6D-476D-8251-2F702086C29D}.Release|Any CPU.ActiveCfg = Release|Any CPU
		{F823D967-FD6D-476D-8251-2F702086C29D}.Release|Any CPU.Build.0 = Release|Any CPU
		{59A537AE-DEF2-4CB3-9073-C58E575B0688}.Debug|Any CPU.ActiveCfg = Debug|Any CPU
		{59A537AE-DEF2-4CB3-9073-C58E575B0688}.Debug|Any CPU.Build.0 = Debug|Any CPU
		{59A537AE-DEF2-4CB3-9073-C58E575B0688}.Release|Any CPU.ActiveCfg = Release|Any CPU
		{59A537AE-DEF2-4CB3-9073-C58E575B0688}.Release|Any CPU.Build.0 = Release|Any CPU
		{050D6ED6-E528-4210-B9F0-013442535E6F}.Debug|Any CPU.ActiveCfg = Debug|Any CPU
		{050D6ED6-E528-4210-B9F0-013442535E6F}.Debug|Any CPU.Build.0 = Debug|Any CPU
		{050D6ED6-E528-4210-B9F0-013442535E6F}.Release|Any CPU.ActiveCfg = Release|Any CPU
		{050D6ED6-E528-4210-B9F0-013442535E6F}.Release|Any CPU.Build.0 = Release|Any CPU
		{E5741202-3170-4404-840A-A7D28B536654}.Debug|Any CPU.ActiveCfg = Debug|Any CPU
		{E5741202-3170-4404-840A-A7D28B536654}.Debug|Any CPU.Build.0 = Debug|Any CPU
		{E5741202-3170-4404-840A-A7D28B536654}.Release|Any CPU.ActiveCfg = Release|Any CPU
		{E5741202-3170-4404-840A-A7D28B536654}.Release|Any CPU.Build.0 = Release|Any CPU
		{71CB51A3-26F3-4404-8DFC-EF8AB462A871}.Debug|Any CPU.ActiveCfg = Debug|Any CPU
		{71CB51A3-26F3-4404-8DFC-EF8AB462A871}.Debug|Any CPU.Build.0 = Debug|Any CPU
		{71CB51A3-26F3-4404-8DFC-EF8AB462A871}.Release|Any CPU.ActiveCfg = Release|Any CPU
		{71CB51A3-26F3-4404-8DFC-EF8AB462A871}.Release|Any CPU.Build.0 = Release|Any CPU
	EndGlobalSection
	GlobalSection(SolutionProperties) = preSolution
		HideSolutionNode = FALSE
	EndGlobalSection
EndGlobal
